
Microsoft Visual Studio Solution File, Format Version 12.00
# Visual Studio Version 16
VisualStudioVersion = 16.0.30615.102
MinimumVisualStudioVersion = 10.0.40219.1
Project("{FAE04EC0-301F-11D3-BF4B-00C04F79EFBC}") = "I2CTestApp", "I2CTestApp\I2CTestApp.csproj", "{DF4AEFE6-38C8-4F76-BE7A-01C2F1ADD7AE}"
EndProject
Project("{9A19103F-16F7-4668-BE54-9A1E7A4F7556}") = "LibFt232h", "LibFt232h\LibFt232h.csproj", "{BC1EBA28-C8A5-494B-A8A5-CCB1E7FC2533}"
EndProject
Project("{2150E333-8FDC-42A3-9474-1A3956D46DE8}") = "Devices", "Devices", "{B5500097-E753-427F-9E76-06692B5C7987}"
EndProject
Project("{FAE04EC0-301F-11D3-BF4B-00C04F79EFBC}") = "MadeInTheUSB.FT232H.Component", "MadeInTheUSB.FT232H.Component\MadeInTheUSB.FT232H.Component.csproj", "{7263549B-0A86-4C27-A487-6A6F6F797D93}"
EndProject
Project("{FAE04EC0-301F-11D3-BF4B-00C04F79EFBC}") = "MadeInTheUSB.FT232H.Console", "MadeInTheUSB.FT232H.Console\MadeInTheUSB.FT232H.Console.csproj", "{D44FD262-0656-4DDC-843A-9DBA45C3CBC1}"
EndProject
Project("{FAE04EC0-301F-11D3-BF4B-00C04F79EFBC}") = "MadeInTheUSB.FT232H.MatrixConsole", "MadeInTheUSB.FT232H.MatrixConsole\MadeInTheUSB.FT232H.MatrixConsole.csproj", "{7FB506C5-575C-4D19-ADC6-E0B371AE3693}"
EndProject
Project("{9A19103F-16F7-4668-BE54-9A1E7A4F7556}") = "LibApds9960", "LibApds9960\LibApds9960.csproj", "{FE6D6BCE-D312-4B27-89BD-C83EFD834FB6}"
EndProject
Project("{9A19103F-16F7-4668-BE54-9A1E7A4F7556}") = "LibMlx90614esf", "LibMlx90614esf\LibMlx90614esf.csproj", "{F55BA6AD-8398-41A9-95BD-0192B1032A09}"
EndProject
Project("{9A19103F-16F7-4668-BE54-9A1E7A4F7556}") = "LibTca9548a", "LibTca9548a\LibTca9548a.csproj", "{85CBD513-93F1-4122-9EDF-A07F1700C5C5}"
EndProject
Global
	GlobalSection(SolutionConfigurationPlatforms) = preSolution
		Debug|Any CPU = Debug|Any CPU
		Release|Any CPU = Release|Any CPU
	EndGlobalSection
	GlobalSection(ProjectConfigurationPlatforms) = postSolution
		{DF4AEFE6-38C8-4F76-BE7A-01C2F1ADD7AE}.Debug|Any CPU.ActiveCfg = Debug|Any CPU
		{DF4AEFE6-38C8-4F76-BE7A-01C2F1ADD7AE}.Debug|Any CPU.Build.0 = Debug|Any CPU
		{DF4AEFE6-38C8-4F76-BE7A-01C2F1ADD7AE}.Release|Any CPU.ActiveCfg = Release|Any CPU
		{DF4AEFE6-38C8-4F76-BE7A-01C2F1ADD7AE}.Release|Any CPU.Build.0 = Release|Any CPU
		{BC1EBA28-C8A5-494B-A8A5-CCB1E7FC2533}.Debug|Any CPU.ActiveCfg = Debug|Any CPU
		{BC1EBA28-C8A5-494B-A8A5-CCB1E7FC2533}.Debug|Any CPU.Build.0 = Debug|Any CPU
		{BC1EBA28-C8A5-494B-A8A5-CCB1E7FC2533}.Release|Any CPU.ActiveCfg = Release|Any CPU
		{BC1EBA28-C8A5-494B-A8A5-CCB1E7FC2533}.Release|Any CPU.Build.0 = Release|Any CPU
		{7263549B-0A86-4C27-A487-6A6F6F797D93}.Debug|Any CPU.ActiveCfg = Debug|Any CPU
		{7263549B-0A86-4C27-A487-6A6F6F797D93}.Debug|Any CPU.Build.0 = Debug|Any CPU
		{7263549B-0A86-4C27-A487-6A6F6F797D93}.Release|Any CPU.ActiveCfg = Release|Any CPU
		{7263549B-0A86-4C27-A487-6A6F6F797D93}.Release|Any CPU.Build.0 = Release|Any CPU
		{D44FD262-0656-4DDC-843A-9DBA45C3CBC1}.Debug|Any CPU.ActiveCfg = Debug|Any CPU
		{D44FD262-0656-4DDC-843A-9DBA45C3CBC1}.Debug|Any CPU.Build.0 = Debug|Any CPU
		{D44FD262-0656-4DDC-843A-9DBA45C3CBC1}.Release|Any CPU.ActiveCfg = Release|Any CPU
		{D44FD262-0656-4DDC-843A-9DBA45C3CBC1}.Release|Any CPU.Build.0 = Release|Any CPU
		{7FB506C5-575C-4D19-ADC6-E0B371AE3693}.Debug|Any CPU.ActiveCfg = Debug|Any CPU
		{7FB506C5-575C-4D19-ADC6-E0B371AE3693}.Debug|Any CPU.Build.0 = Debug|Any CPU
		{7FB506C5-575C-4D19-ADC6-E0B371AE3693}.Release|Any CPU.ActiveCfg = Release|Any CPU
		{7FB506C5-575C-4D19-ADC6-E0B371AE3693}.Release|Any CPU.Build.0 = Release|Any CPU
		{FE6D6BCE-D312-4B27-89BD-C83EFD834FB6}.Debug|Any CPU.ActiveCfg = Debug|Any CPU
		{FE6D6BCE-D312-4B27-89BD-C83EFD834FB6}.Debug|Any CPU.Build.0 = Debug|Any CPU
		{FE6D6BCE-D312-4B27-89BD-C83EFD834FB6}.Release|Any CPU.ActiveCfg = Release|Any CPU
		{FE6D6BCE-D312-4B27-89BD-C83EFD834FB6}.Release|Any CPU.Build.0 = Release|Any CPU
		{F55BA6AD-8398-41A9-95BD-0192B1032A09}.Debug|Any CPU.ActiveCfg = Debug|Any CPU
		{F55BA6AD-8398-41A9-95BD-0192B1032A09}.Debug|Any CPU.Build.0 = Debug|Any CPU
		{F55BA6AD-8398-41A9-95BD-0192B1032A09}.Release|Any CPU.ActiveCfg = Release|Any CPU
		{F55BA6AD-8398-41A9-95BD-0192B1032A09}.Release|Any CPU.Build.0 = Release|Any CPU
		{85CBD513-93F1-4122-9EDF-A07F1700C5C5}.Debug|Any CPU.ActiveCfg = Debug|Any CPU
		{85CBD513-93F1-4122-9EDF-A07F1700C5C5}.Debug|Any CPU.Build.0 = Debug|Any CPU
		{85CBD513-93F1-4122-9EDF-A07F1700C5C5}.Release|Any CPU.ActiveCfg = Release|Any CPU
		{85CBD513-93F1-4122-9EDF-A07F1700C5C5}.Release|Any CPU.Build.0 = Release|Any CPU
	EndGlobalSection
	GlobalSection(SolutionProperties) = preSolution
		HideSolutionNode = FALSE
	EndGlobalSection
	GlobalSection(NestedProjects) = preSolution
		{7263549B-0A86-4C27-A487-6A6F6F797D93} = {B5500097-E753-427F-9E76-06692B5C7987}
		{D44FD262-0656-4DDC-843A-9DBA45C3CBC1} = {B5500097-E753-427F-9E76-06692B5C7987}
		{7FB506C5-575C-4D19-ADC6-E0B371AE3693} = {B5500097-E753-427F-9E76-06692B5C7987}
		{FE6D6BCE-D312-4B27-89BD-C83EFD834FB6} = {B5500097-E753-427F-9E76-06692B5C7987}
		{F55BA6AD-8398-41A9-95BD-0192B1032A09} = {B5500097-E753-427F-9E76-06692B5C7987}
		{85CBD513-93F1-4122-9EDF-A07F1700C5C5} = {B5500097-E753-427F-9E76-06692B5C7987}
	EndGlobalSection
	GlobalSection(ExtensibilityGlobals) = postSolution
		SolutionGuid = {E006510F-0168-40DB-8718-01B263B85587}
	EndGlobalSection
EndGlobal
